
Microsoft Visual Studio Solution File, Format Version 12.00
# Visual Studio Version 17
VisualStudioVersion = 17.5.33414.496
MinimumVisualStudioVersion = 10.0.40219.1
Project("{FAE04EC0-301F-11D3-BF4B-00C04F79EFBC}") = "TxtDatabase", "TxtDatabase\TxtDatabase.csproj", "{4521A2E6-FFA3-4BC6-A5E6-F84A7E6DD2A1}"
EndProject
Global
	GlobalSection(SolutionConfigurationPlatforms) = preSolution
		Debug|Any CPU = Debug|Any CPU
		Release|Any CPU = Release|Any CPU
	EndGlobalSection
	GlobalSection(ProjectConfigurationPlatforms) = postSolution
		{4521A2E6-FFA3-4BC6-A5E6-F84A7E6DD2A1}.Debug|Any CPU.ActiveCfg = Debug|Any CPU
		{4521A2E6-FFA3-4BC6-A5E6-F84A7E6DD2A1}.Debug|Any CPU.Build.0 = Debug|Any CPU
		{4521A2E6-FFA3-4BC6-A5E6-F84A7E6DD2A1}.Release|Any CPU.ActiveCfg = Release|Any CPU
		{4521A2E6-FFA3-4BC6-A5E6-F84A7E6DD2A1}.Release|Any CPU.Build.0 = Release|Any CPU
	EndGlobalSection
	GlobalSection(SolutionProperties) = preSolution
		HideSolutionNode = FALSE
	EndGlobalSection
	GlobalSection(ExtensibilityGlobals) = postSolution
		SolutionGuid = {0ED2BA59-A4F0-4EA0-AD9C-B4E4AF8A18EF}
	EndGlobalSection
EndGlobal
